
Microsoft Visual Studio Solution File, Format Version 12.00
# Visual Studio Version 16
VisualStudioVersion = 16.0.30225.117
MinimumVisualStudioVersion = 10.0.40219.1
Project("{FAE04EC0-301F-11D3-BF4B-00C04F79EFBC}") = "MvcProjeKampiDeneme", "MvcProjeKampiDeneme\MvcProjeKampiDeneme.csproj", "{03B9962A-B27F-4985-8E4B-727438A0B40E}"
EndProject
Project("{FAE04EC0-301F-11D3-BF4B-00C04F79EFBC}") = "MvcProjeKampiDeneme.Entity", "MvcProjeKampiDeneme.Entity\MvcProjeKampiDeneme.Entity.csproj", "{B2F59D40-FD44-4D38-9083-63E87593DF52}"
EndProject
Project("{FAE04EC0-301F-11D3-BF4B-00C04F79EFBC}") = "MvcProjeKampiDeneme.DAL", "MvcProjeKampiDeneme.DAL\MvcProjeKampiDeneme.DAL.csproj", "{7A8DDA1A-2EF5-48AA-9A88-C0734708ABCA}"
EndProject
Project("{FAE04EC0-301F-11D3-BF4B-00C04F79EFBC}") = "MvcProjeKampiDeneme.BLL", "MvcProjeKampiDeneme.BLL\MvcProjeKampiDeneme.BLL.csproj", "{3AEC658B-5EB2-4552-9CBB-857D14F4EF81}"
EndProject
Global
	GlobalSection(SolutionConfigurationPlatforms) = preSolution
		Debug|Any CPU = Debug|Any CPU
		Release|Any CPU = Release|Any CPU
	EndGlobalSection
	GlobalSection(ProjectConfigurationPlatforms) = postSolution
		{03B9962A-B27F-4985-8E4B-727438A0B40E}.Debug|Any CPU.ActiveCfg = Debug|Any CPU
		{03B9962A-B27F-4985-8E4B-727438A0B40E}.Debug|Any CPU.Build.0 = Debug|Any CPU
		{03B9962A-B27F-4985-8E4B-727438A0B40E}.Release|Any CPU.ActiveCfg = Release|Any CPU
		{03B9962A-B27F-4985-8E4B-727438A0B40E}.Release|Any CPU.Build.0 = Release|Any CPU
		{B2F59D40-FD44-4D38-9083-63E87593DF52}.Debug|Any CPU.ActiveCfg = Debug|Any CPU
		{B2F59D40-FD44-4D38-9083-63E87593DF52}.Debug|Any CPU.Build.0 = Debug|Any CPU
		{B2F59D40-FD44-4D38-9083-63E87593DF52}.Release|Any CPU.ActiveCfg = Release|Any CPU
		{B2F59D40-FD44-4D38-9083-63E87593DF52}.Release|Any CPU.Build.0 = Release|Any CPU
		{7A8DDA1A-2EF5-48AA-9A88-C0734708ABCA}.Debug|Any CPU.ActiveCfg = Debug|Any CPU
		{7A8DDA1A-2EF5-48AA-9A88-C0734708ABCA}.Debug|Any CPU.Build.0 = Debug|Any CPU
		{7A8DDA1A-2EF5-48AA-9A88-C0734708ABCA}.Release|Any CPU.ActiveCfg = Release|Any CPU
		{7A8DDA1A-2EF5-48AA-9A88-C0734708ABCA}.Release|Any CPU.Build.0 = Release|Any CPU
		{3AEC658B-5EB2-4552-9CBB-857D14F4EF81}.Debug|Any CPU.ActiveCfg = Debug|Any CPU
		{3AEC658B-5EB2-4552-9CBB-857D14F4EF81}.Debug|Any CPU.Build.0 = Debug|Any CPU
		{3AEC658B-5EB2-4552-9CBB-857D14F4EF81}.Release|Any CPU.ActiveCfg = Release|Any CPU
		{3AEC658B-5EB2-4552-9CBB-857D14F4EF81}.Release|Any CPU.Build.0 = Release|Any CPU
	EndGlobalSection
	GlobalSection(SolutionProperties) = preSolution
		HideSolutionNode = FALSE
	EndGlobalSection
	GlobalSection(ExtensibilityGlobals) = postSolution
		SolutionGuid = {90475FC1-B0B9-40D3-955D-7885E94D4728}
	EndGlobalSection
EndGlobal
